
Microsoft Visual Studio Solution File, Format Version 11.00
# Visual Studio 2010
Project("{F184B08F-C81C-45F6-A57F-5ABD9991F28F}") = "ClrExtensions35", "ClrExtensions35\ClrExtensions35.vbproj", "{71ECF6E6-EAFF-4DA3-B6FC-DEE28905F455}"
EndProject
Project("{F184B08F-C81C-45F6-A57F-5ABD9991F28F}") = "ClrExtensions40Client", "ClrExtensions40Client\ClrExtensions40Client.vbproj", "{E4F0F1FA-A56A-46C5-BCE9-C0877AB79017}"
EndProject
Project("{F184B08F-C81C-45F6-A57F-5ABD9991F28F}") = "ClrExtensions40", "ClrExtensions40\ClrExtensions40.vbproj", "{2284D70C-30EC-4055-95C2-A1FAAE30B049}"
EndProject
Project("{2150E333-8FDC-42A3-9474-1A3956D46DE8}") = "Solution Items", "Solution Items", "{4AB31F49-0226-47C6-8610-45FA398D7B9B}"
	ProjectSection(SolutionItems) = preProject
		CLR Extenstions Rule Set.ruleset = CLR Extenstions Rule Set.ruleset
		ClrExtensions.vsmdi = ClrExtensions.vsmdi
		Local.testsettings = Local.testsettings
		TraceAndTestImpact.testsettings = TraceAndTestImpact.testsettings
	EndProjectSection
EndProject
Project("{F184B08F-C81C-45F6-A57F-5ABD9991F28F}") = "Tests ClrExtensions40", "Tests ClrExtensions40\Tests ClrExtensions40.vbproj", "{87BE6E21-2059-4FF5-9C6A-7782C27DB94B}"
EndProject
Project("{FAE04EC0-301F-11D3-BF4B-00C04F79EFBC}") = "Scratch CSharp", "Scratch CSharp\Scratch CSharp.csproj", "{A774F421-1FBA-4895-80D3-0C6F289177F8}"
EndProject
Project("{F184B08F-C81C-45F6-A57F-5ABD9991F28F}") = "Scratch VB", "Scratch VB\Scratch VB.vbproj", "{A972D773-47D6-4741-BC7C-00D140E65D1F}"
EndProject
Project("{FAE04EC0-301F-11D3-BF4B-00C04F79EFBC}") = "PureAttribute", "PureAttribute\PureAttribute.csproj", "{4267608F-43A5-44B4-99C4-2623B62F2ABF}"
EndProject
Global
	GlobalSection(TeamFoundationVersionControl) = preSolution
		SccNumberOfProjects = 8
		SccEnterpriseProvider = {4CA58AB2-18FA-4F8D-95D4-32DDF27D184C}
		SccTeamFoundationServer = https://tfs.codeplex.com/tfs/tfs02
		SccLocalPath0 = .
		SccProjectUniqueName1 = ClrExtensions35\\ClrExtensions35.vbproj
		SccProjectName1 = ClrExtensions35
		SccLocalPath1 = ClrExtensions35
		SccProjectUniqueName2 = ClrExtensions40Client\\ClrExtensions40Client.vbproj
		SccProjectName2 = ClrExtensions40Client
		SccLocalPath2 = ClrExtensions40Client
		SccProjectUniqueName3 = ClrExtensions40\\ClrExtensions40.vbproj
		SccProjectName3 = ClrExtensions40
		SccLocalPath3 = ClrExtensions40
		SccProjectUniqueName4 = Tests\u0020ClrExtensions40\\Tests\u0020ClrExtensions40.vbproj
		SccProjectName4 = Tests\u0020ClrExtensions40
		SccLocalPath4 = Tests\u0020ClrExtensions40
		SccProjectUniqueName5 = Scratch\u0020CSharp\\Scratch\u0020CSharp.csproj
		SccProjectName5 = Scratch\u0020CSharp
		SccLocalPath5 = Scratch\u0020CSharp
		SccProjectUniqueName6 = Scratch\u0020VB\\Scratch\u0020VB.vbproj
		SccProjectName6 = Scratch\u0020VB
		SccLocalPath6 = Scratch\u0020VB
		SccProjectUniqueName7 = PureAttribute\\PureAttribute.csproj
		SccProjectName7 = PureAttribute
		SccLocalPath7 = PureAttribute
	EndGlobalSection
	GlobalSection(TestCaseManagementSettings) = postSolution
		CategoryFile = ClrExtensions.vsmdi
	EndGlobalSection
	GlobalSection(SolutionConfigurationPlatforms) = preSolution
		Debug|Any CPU = Debug|Any CPU
		Release|Any CPU = Release|Any CPU
	EndGlobalSection
	GlobalSection(ProjectConfigurationPlatforms) = postSolution
		{71ECF6E6-EAFF-4DA3-B6FC-DEE28905F455}.Debug|Any CPU.ActiveCfg = Debug|Any CPU
		{71ECF6E6-EAFF-4DA3-B6FC-DEE28905F455}.Debug|Any CPU.Build.0 = Debug|Any CPU
		{71ECF6E6-EAFF-4DA3-B6FC-DEE28905F455}.Release|Any CPU.ActiveCfg = Release|Any CPU
		{71ECF6E6-EAFF-4DA3-B6FC-DEE28905F455}.Release|Any CPU.Build.0 = Release|Any CPU
		{E4F0F1FA-A56A-46C5-BCE9-C0877AB79017}.Debug|Any CPU.ActiveCfg = Debug|Any CPU
		{E4F0F1FA-A56A-46C5-BCE9-C0877AB79017}.Debug|Any CPU.Build.0 = Debug|Any CPU
		{E4F0F1FA-A56A-46C5-BCE9-C0877AB79017}.Release|Any CPU.ActiveCfg = Release|Any CPU
		{E4F0F1FA-A56A-46C5-BCE9-C0877AB79017}.Release|Any CPU.Build.0 = Release|Any CPU
		{2284D70C-30EC-4055-95C2-A1FAAE30B049}.Debug|Any CPU.ActiveCfg = Debug|Any CPU
		{2284D70C-30EC-4055-95C2-A1FAAE30B049}.Debug|Any CPU.Build.0 = Debug|Any CPU
		{2284D70C-30EC-4055-95C2-A1FAAE30B049}.Release|Any CPU.ActiveCfg = Release|Any CPU
		{2284D70C-30EC-4055-95C2-A1FAAE30B049}.Release|Any CPU.Build.0 = Release|Any CPU
		{87BE6E21-2059-4FF5-9C6A-7782C27DB94B}.Debug|Any CPU.ActiveCfg = Debug|Any CPU
		{87BE6E21-2059-4FF5-9C6A-7782C27DB94B}.Debug|Any CPU.Build.0 = Debug|Any CPU
		{87BE6E21-2059-4FF5-9C6A-7782C27DB94B}.Release|Any CPU.ActiveCfg = Release|Any CPU
		{87BE6E21-2059-4FF5-9C6A-7782C27DB94B}.Release|Any CPU.Build.0 = Release|Any CPU
		{A774F421-1FBA-4895-80D3-0C6F289177F8}.Debug|Any CPU.ActiveCfg = Debug|Any CPU
		{A774F421-1FBA-4895-80D3-0C6F289177F8}.Debug|Any CPU.Build.0 = Debug|Any CPU
		{A774F421-1FBA-4895-80D3-0C6F289177F8}.Release|Any CPU.ActiveCfg = Release|Any CPU
		{A774F421-1FBA-4895-80D3-0C6F289177F8}.Release|Any CPU.Build.0 = Release|Any CPU
		{A972D773-47D6-4741-BC7C-00D140E65D1F}.Debug|Any CPU.ActiveCfg = Debug|Any CPU
		{A972D773-47D6-4741-BC7C-00D140E65D1F}.Debug|Any CPU.Build.0 = Debug|Any CPU
		{A972D773-47D6-4741-BC7C-00D140E65D1F}.Release|Any CPU.ActiveCfg = Release|Any CPU
		{A972D773-47D6-4741-BC7C-00D140E65D1F}.Release|Any CPU.Build.0 = Release|Any CPU
		{4267608F-43A5-44B4-99C4-2623B62F2ABF}.Debug|Any CPU.ActiveCfg = Debug|Any CPU
		{4267608F-43A5-44B4-99C4-2623B62F2ABF}.Debug|Any CPU.Build.0 = Debug|Any CPU
		{4267608F-43A5-44B4-99C4-2623B62F2ABF}.Release|Any CPU.ActiveCfg = Release|Any CPU
		{4267608F-43A5-44B4-99C4-2623B62F2ABF}.Release|Any CPU.Build.0 = Release|Any CPU
	EndGlobalSection
	GlobalSection(SolutionProperties) = preSolution
		HideSolutionNode = FALSE
	EndGlobalSection
EndGlobal
